
Microsoft Visual Studio Solution File, Format Version 12.00
# Visual Studio 14
VisualStudioVersion = 14.0.25420.1
MinimumVisualStudioVersion = 10.0.40219.1
Project("{2150E333-8FDC-42A3-9474-1A3956D46DE8}") = "src", "src", "{C473A84D-1789-4FE5-9453-43DE034B50FC}"
EndProject
Project("{2150E333-8FDC-42A3-9474-1A3956D46DE8}") = "Solution Items", "Solution Items", "{9DAA9331-9127-4AE5-8CDA-CBB0C1CA0F9D}"
	ProjectSection(SolutionItems) = preProject
		global.json = global.json
	EndProjectSection
EndProject
Project("{8BB2217D-0F2D-49D1-97BC-3654ED321F3B}") = "Site.WebApi", "src\Site.WebApi\Site.WebApi.xproj", "{5C564542-A0F5-4F79-9CCE-CDD9049E1E73}"
EndProject
Project("{8BB2217D-0F2D-49D1-97BC-3654ED321F3B}") = "Site.Dal", "src\Site.Dal\Site.Dal.xproj", "{93786BEF-6ABB-4E60-BFF2-B5BD43CD7FC9}"
EndProject
Global
	GlobalSection(SolutionConfigurationPlatforms) = preSolution
		Debug|Any CPU = Debug|Any CPU
		Release|Any CPU = Release|Any CPU
	EndGlobalSection
	GlobalSection(ProjectConfigurationPlatforms) = postSolution
		{5C564542-A0F5-4F79-9CCE-CDD9049E1E73}.Debug|Any CPU.ActiveCfg = Debug|Any CPU
		{5C564542-A0F5-4F79-9CCE-CDD9049E1E73}.Debug|Any CPU.Build.0 = Debug|Any CPU
		{5C564542-A0F5-4F79-9CCE-CDD9049E1E73}.Release|Any CPU.ActiveCfg = Release|Any CPU
		{5C564542-A0F5-4F79-9CCE-CDD9049E1E73}.Release|Any CPU.Build.0 = Release|Any CPU
		{93786BEF-6ABB-4E60-BFF2-B5BD43CD7FC9}.Debug|Any CPU.ActiveCfg = Debug|Any CPU
		{93786BEF-6ABB-4E60-BFF2-B5BD43CD7FC9}.Debug|Any CPU.Build.0 = Debug|Any CPU
		{93786BEF-6ABB-4E60-BFF2-B5BD43CD7FC9}.Release|Any CPU.ActiveCfg = Release|Any CPU
		{93786BEF-6ABB-4E60-BFF2-B5BD43CD7FC9}.Release|Any CPU.Build.0 = Release|Any CPU
	EndGlobalSection
	GlobalSection(SolutionProperties) = preSolution
		HideSolutionNode = FALSE
	EndGlobalSection
	GlobalSection(NestedProjects) = preSolution
		{5C564542-A0F5-4F79-9CCE-CDD9049E1E73} = {C473A84D-1789-4FE5-9453-43DE034B50FC}
		{93786BEF-6ABB-4E60-BFF2-B5BD43CD7FC9} = {C473A84D-1789-4FE5-9453-43DE034B50FC}
	EndGlobalSection
EndGlobal
